
Microsoft Visual Studio Solution File, Format Version 10.00
# Visual Studio 2008
Project("{8BC9CEB8-8B4A-11D0-8D11-00A0C91BC942}") = "wave-notify", "wave-notify.vcproj", "{729F8B0C-520D-4EF8-8AD5-D54476F41E6E}"
EndProject
Global
	GlobalSection(SolutionConfigurationPlatforms) = preSolution
		Debug|Win32 = Debug|Win32
		Release|Win32 = Release|Win32
	EndGlobalSection
	GlobalSection(ProjectConfigurationPlatforms) = postSolution
		{729F8B0C-520D-4EF8-8AD5-D54476F41E6E}.Debug|Win32.ActiveCfg = Debug|Win32
		{729F8B0C-520D-4EF8-8AD5-D54476F41E6E}.Debug|Win32.Build.0 = Debug|Win32
		{729F8B0C-520D-4EF8-8AD5-D54476F41E6E}.Release|Win32.ActiveCfg = Release|Win32
		{729F8B0C-520D-4EF8-8AD5-D54476F41E6E}.Release|Win32.Build.0 = Release|Win32
	EndGlobalSection
	GlobalSection(SolutionProperties) = preSolution
		HideSolutionNode = FALSE
	EndGlobalSection
EndGlobal
