
Microsoft Visual Studio Solution File, Format Version 10.00
# Visual Studio 2008
Project("{8BC9CEB8-8B4A-11D0-8D11-00A0C91BC942}") = "update", "update.vcproj", "{47993C69-57E3-48B5-8014-378865A8B94B}"
EndProject
Global
	GlobalSection(SolutionConfigurationPlatforms) = preSolution
		Debug|Win32 = Debug|Win32
		Release|Win32 = Release|Win32
	EndGlobalSection
	GlobalSection(ProjectConfigurationPlatforms) = postSolution
		{47993C69-57E3-48B5-8014-378865A8B94B}.Debug|Win32.ActiveCfg = Debug|Win32
		{47993C69-57E3-48B5-8014-378865A8B94B}.Debug|Win32.Build.0 = Debug|Win32
		{47993C69-57E3-48B5-8014-378865A8B94B}.Release|Win32.ActiveCfg = Release|Win32
		{47993C69-57E3-48B5-8014-378865A8B94B}.Release|Win32.Build.0 = Release|Win32
	EndGlobalSection
	GlobalSection(SolutionProperties) = preSolution
		HideSolutionNode = FALSE
	EndGlobalSection
EndGlobal
